
Microsoft Visual Studio Solution File, Format Version 12.00
# Visual Studio Version 17
VisualStudioVersion = 17.13.35825.156
MinimumVisualStudioVersion = 10.0.40219.1
Project("{2150E333-8FDC-42A3-9474-1A3956D46DE8}") = "1. Presentaciones", "1. Presentaciones", "{9EEAE959-5A20-4C60-B307-A2BA2AFD08AF}"
EndProject
Project("{2150E333-8FDC-42A3-9474-1A3956D46DE8}") = "2. Servicios", "2. Servicios", "{0CF49E66-C995-40B6-BC65-39FA79762EAD}"
EndProject
Project("{2150E333-8FDC-42A3-9474-1A3956D46DE8}") = "3. Nucleo", "3. Nucleo", "{085FAD31-EDD6-4180-8FBC-5AF69AAFB452}"
EndProject
Project("{2150E333-8FDC-42A3-9474-1A3956D46DE8}") = "4. Pruebas unitarias", "4. Pruebas unitarias", "{A29FB720-B698-4F69-B8FE-E68BFBABBFC8}"
EndProject
Project("{FAE04EC0-301F-11D3-BF4B-00C04F79EFBC}") = "lib_dominio", "lib_dominio\lib_dominio.csproj", "{B57D6082-E6A4-47D2-B214-BA5360CB3911}"
EndProject
Project("{FAE04EC0-301F-11D3-BF4B-00C04F79EFBC}") = "lib_repositorios", "lib_repositorios\lib_repositorios.csproj", "{BE8BEBC5-B038-4DF4-B183-C28D8BF32431}"
EndProject
Project("{FAE04EC0-301F-11D3-BF4B-00C04F79EFBC}") = "ut_presentacion", "ut_presentacion\ut_presentacion.csproj", "{B5ECE6F5-A259-43B3-BB19-AB9713CF9880}"
EndProject
Project("{FAE04EC0-301F-11D3-BF4B-00C04F79EFBC}") = "lib_aplicaciones", "lib_aplicaciones\lib_aplicaciones.csproj", "{8EDDA8F0-10E0-4D02-A106-30592F63F5B8}"
EndProject
Project("{FAE04EC0-301F-11D3-BF4B-00C04F79EFBC}") = "lib_presentaciones", "lib_presentaciones\lib_presentaciones.csproj", "{4130D2C7-04F9-4A2F-9130-D6032A25B3EC}"
EndProject
Project("{FAE04EC0-301F-11D3-BF4B-00C04F79EFBC}") = "asp_presentacion", "asp_presentacion\asp_presentacion.csproj", "{C9E62023-B85A-4BD5-8C05-279810EE4486}"
EndProject
Project("{FAE04EC0-301F-11D3-BF4B-00C04F79EFBC}") = "asp_servicios", "asp_servicios\asp_servicios.csproj", "{3BCDBCAC-F82D-464A-988D-7C786AF591D6}"
EndProject
Global
	GlobalSection(SolutionConfigurationPlatforms) = preSolution
		Debug|Any CPU = Debug|Any CPU
		Release|Any CPU = Release|Any CPU
	EndGlobalSection
	GlobalSection(ProjectConfigurationPlatforms) = postSolution
		{B57D6082-E6A4-47D2-B214-BA5360CB3911}.Debug|Any CPU.ActiveCfg = Debug|Any CPU
		{B57D6082-E6A4-47D2-B214-BA5360CB3911}.Debug|Any CPU.Build.0 = Debug|Any CPU
		{B57D6082-E6A4-47D2-B214-BA5360CB3911}.Release|Any CPU.ActiveCfg = Release|Any CPU
		{B57D6082-E6A4-47D2-B214-BA5360CB3911}.Release|Any CPU.Build.0 = Release|Any CPU
		{BE8BEBC5-B038-4DF4-B183-C28D8BF32431}.Debug|Any CPU.ActiveCfg = Debug|Any CPU
		{BE8BEBC5-B038-4DF4-B183-C28D8BF32431}.Debug|Any CPU.Build.0 = Debug|Any CPU
		{BE8BEBC5-B038-4DF4-B183-C28D8BF32431}.Release|Any CPU.ActiveCfg = Release|Any CPU
		{BE8BEBC5-B038-4DF4-B183-C28D8BF32431}.Release|Any CPU.Build.0 = Release|Any CPU
		{B5ECE6F5-A259-43B3-BB19-AB9713CF9880}.Debug|Any CPU.ActiveCfg = Debug|Any CPU
		{B5ECE6F5-A259-43B3-BB19-AB9713CF9880}.Debug|Any CPU.Build.0 = Debug|Any CPU
		{B5ECE6F5-A259-43B3-BB19-AB9713CF9880}.Release|Any CPU.ActiveCfg = Release|Any CPU
		{B5ECE6F5-A259-43B3-BB19-AB9713CF9880}.Release|Any CPU.Build.0 = Release|Any CPU
		{8EDDA8F0-10E0-4D02-A106-30592F63F5B8}.Debug|Any CPU.ActiveCfg = Debug|Any CPU
		{8EDDA8F0-10E0-4D02-A106-30592F63F5B8}.Debug|Any CPU.Build.0 = Debug|Any CPU
		{8EDDA8F0-10E0-4D02-A106-30592F63F5B8}.Release|Any CPU.ActiveCfg = Release|Any CPU
		{8EDDA8F0-10E0-4D02-A106-30592F63F5B8}.Release|Any CPU.Build.0 = Release|Any CPU
		{4130D2C7-04F9-4A2F-9130-D6032A25B3EC}.Debug|Any CPU.ActiveCfg = Debug|Any CPU
		{4130D2C7-04F9-4A2F-9130-D6032A25B3EC}.Debug|Any CPU.Build.0 = Debug|Any CPU
		{4130D2C7-04F9-4A2F-9130-D6032A25B3EC}.Release|Any CPU.ActiveCfg = Release|Any CPU
		{4130D2C7-04F9-4A2F-9130-D6032A25B3EC}.Release|Any CPU.Build.0 = Release|Any CPU
		{C9E62023-B85A-4BD5-8C05-279810EE4486}.Debug|Any CPU.ActiveCfg = Debug|Any CPU
		{C9E62023-B85A-4BD5-8C05-279810EE4486}.Debug|Any CPU.Build.0 = Debug|Any CPU
		{C9E62023-B85A-4BD5-8C05-279810EE4486}.Release|Any CPU.ActiveCfg = Release|Any CPU
		{C9E62023-B85A-4BD5-8C05-279810EE4486}.Release|Any CPU.Build.0 = Release|Any CPU
		{3BCDBCAC-F82D-464A-988D-7C786AF591D6}.Debug|Any CPU.ActiveCfg = Debug|Any CPU
		{3BCDBCAC-F82D-464A-988D-7C786AF591D6}.Debug|Any CPU.Build.0 = Debug|Any CPU
		{3BCDBCAC-F82D-464A-988D-7C786AF591D6}.Release|Any CPU.ActiveCfg = Release|Any CPU
		{3BCDBCAC-F82D-464A-988D-7C786AF591D6}.Release|Any CPU.Build.0 = Release|Any CPU
	EndGlobalSection
	GlobalSection(SolutionProperties) = preSolution
		HideSolutionNode = FALSE
	EndGlobalSection
	GlobalSection(NestedProjects) = preSolution
		{B57D6082-E6A4-47D2-B214-BA5360CB3911} = {085FAD31-EDD6-4180-8FBC-5AF69AAFB452}
		{BE8BEBC5-B038-4DF4-B183-C28D8BF32431} = {0CF49E66-C995-40B6-BC65-39FA79762EAD}
		{B5ECE6F5-A259-43B3-BB19-AB9713CF9880} = {A29FB720-B698-4F69-B8FE-E68BFBABBFC8}
		{8EDDA8F0-10E0-4D02-A106-30592F63F5B8} = {0CF49E66-C995-40B6-BC65-39FA79762EAD}
		{4130D2C7-04F9-4A2F-9130-D6032A25B3EC} = {9EEAE959-5A20-4C60-B307-A2BA2AFD08AF}
		{C9E62023-B85A-4BD5-8C05-279810EE4486} = {9EEAE959-5A20-4C60-B307-A2BA2AFD08AF}
		{3BCDBCAC-F82D-464A-988D-7C786AF591D6} = {0CF49E66-C995-40B6-BC65-39FA79762EAD}
	EndGlobalSection
	GlobalSection(ExtensibilityGlobals) = postSolution
		SolutionGuid = {B44B235B-3FE5-46BF-BDFA-F9BC2CEF1A4C}
	EndGlobalSection
EndGlobal
