
Microsoft Visual Studio Solution File, Format Version 12.00
Project("{FAE04EC0-301F-11D3-BF4B-00C04F79EFBC}") = "RetroBustersLB", "RetroBustersLB.csproj", "{C2850A42-8985-4DE5-8870-C51501006F8B}"
EndProject
Global
	GlobalSection(SolutionConfigurationPlatforms) = preSolution
		Debug|Any CPU = Debug|Any CPU
		Release|Any CPU = Release|Any CPU
	EndGlobalSection
	GlobalSection(ProjectConfigurationPlatforms) = postSolution
		{C2850A42-8985-4DE5-8870-C51501006F8B}.Debug|Any CPU.ActiveCfg = Debug|Any CPU
		{C2850A42-8985-4DE5-8870-C51501006F8B}.Debug|Any CPU.Build.0 = Debug|Any CPU
		{C2850A42-8985-4DE5-8870-C51501006F8B}.Release|Any CPU.ActiveCfg = Release|Any CPU
		{C2850A42-8985-4DE5-8870-C51501006F8B}.Release|Any CPU.Build.0 = Release|Any CPU
	EndGlobalSection
EndGlobal
